
Microsoft Visual Studio Solution File, Format Version 12.00
# Visual Studio 15
VisualStudioVersion = 15.0.28010.2041
MinimumVisualStudioVersion = 10.0.40219.1
Project("{2150E333-8FDC-42A3-9474-1A3956D46DE8}") = "Docs", "Docs", "{DE6746C0-BF61-40E7-8DA8-6AFE6C1D7A81}"
	ProjectSection(SolutionItems) = preProject
		..\AzureResCmds.txt = ..\AzureResCmds.txt
	EndProjectSection
EndProject
Project("{9A19103F-16F7-4668-BE54-9A1E7A4F7556}") = "OvaryVisWebApp", "OvaryVisWebApp\OvaryVisWebApp.csproj", "{5C5CC749-87BE-4CB4-B91E-64A08EE90947}"
EndProject
Project("{9A19103F-16F7-4668-BE54-9A1E7A4F7556}") = "OvaryVisFnApp", "OvaryVisFnApp\OvaryVisFnApp.csproj", "{0D0468D1-AA32-4722-B558-9AAB78B8A15E}"
EndProject
Global
	GlobalSection(SolutionConfigurationPlatforms) = preSolution
		Debug|Any CPU = Debug|Any CPU
		Release|Any CPU = Release|Any CPU
	EndGlobalSection
	GlobalSection(ProjectConfigurationPlatforms) = postSolution
		{5C5CC749-87BE-4CB4-B91E-64A08EE90947}.Debug|Any CPU.ActiveCfg = Debug|Any CPU
		{5C5CC749-87BE-4CB4-B91E-64A08EE90947}.Debug|Any CPU.Build.0 = Debug|Any CPU
		{5C5CC749-87BE-4CB4-B91E-64A08EE90947}.Release|Any CPU.ActiveCfg = Release|Any CPU
		{5C5CC749-87BE-4CB4-B91E-64A08EE90947}.Release|Any CPU.Build.0 = Release|Any CPU
		{0D0468D1-AA32-4722-B558-9AAB78B8A15E}.Debug|Any CPU.ActiveCfg = Debug|Any CPU
		{0D0468D1-AA32-4722-B558-9AAB78B8A15E}.Debug|Any CPU.Build.0 = Debug|Any CPU
		{0D0468D1-AA32-4722-B558-9AAB78B8A15E}.Release|Any CPU.ActiveCfg = Release|Any CPU
		{0D0468D1-AA32-4722-B558-9AAB78B8A15E}.Release|Any CPU.Build.0 = Release|Any CPU
	EndGlobalSection
	GlobalSection(SolutionProperties) = preSolution
		HideSolutionNode = FALSE
	EndGlobalSection
	GlobalSection(ExtensibilityGlobals) = postSolution
		SolutionGuid = {3FFB7417-381A-4BD0-8950-286A1A05FB65}
	EndGlobalSection
EndGlobal
