
Microsoft Visual Studio Solution File, Format Version 12.00
# Visual Studio 15
VisualStudioVersion = 15.0.28010.2041
MinimumVisualStudioVersion = 10.0.40219.1
Project("{2150E333-8FDC-42A3-9474-1A3956D46DE8}") = "Docs", "Docs", "{DE6746C0-BF61-40E7-8DA8-6AFE6C1D7A81}"
	ProjectSection(SolutionItems) = preProject
		..\AzureResCmds.txt = ..\AzureResCmds.txt
	EndProjectSection
EndProject
Global
	GlobalSection(SolutionProperties) = preSolution
		HideSolutionNode = FALSE
	EndGlobalSection
	GlobalSection(ExtensibilityGlobals) = postSolution
		SolutionGuid = {3FFB7417-381A-4BD0-8950-286A1A05FB65}
	EndGlobalSection
EndGlobal
