
Microsoft Visual Studio Solution File, Format Version 12.00
# Visual Studio 15
VisualStudioVersion = 15.0.28010.2041
MinimumVisualStudioVersion = 10.0.40219.1
Project("{FAE04EC0-301F-11D3-BF4B-00C04F79EFBC}") = "OvaryVisWebApp", "OvaryVisWebApp\OvaryVisWebApp.csproj", "{EA9C0576-A619-43B8-90CB-C92792122CFB}"
EndProject
Project("{2150E333-8FDC-42A3-9474-1A3956D46DE8}") = "Docs", "Docs", "{53698BEC-3EDF-4595-BF41-ED41DD2A1D6F}"
	ProjectSection(SolutionItems) = preProject
		..\ASPNETWebAppWithSQLServer.pdf = ..\ASPNETWebAppWithSQLServer.pdf
		..\AzureResCmds.txt = ..\AzureResCmds.txt
		..\..\README.md = ..\..\README.md
	EndProjectSection
EndProject
Global
	GlobalSection(SolutionConfigurationPlatforms) = preSolution
		Debug|Any CPU = Debug|Any CPU
		Release|Any CPU = Release|Any CPU
	EndGlobalSection
	GlobalSection(ProjectConfigurationPlatforms) = postSolution
		{EA9C0576-A619-43B8-90CB-C92792122CFB}.Debug|Any CPU.ActiveCfg = Debug|Any CPU
		{EA9C0576-A619-43B8-90CB-C92792122CFB}.Debug|Any CPU.Build.0 = Debug|Any CPU
		{EA9C0576-A619-43B8-90CB-C92792122CFB}.Release|Any CPU.ActiveCfg = Release|Any CPU
		{EA9C0576-A619-43B8-90CB-C92792122CFB}.Release|Any CPU.Build.0 = Release|Any CPU
	EndGlobalSection
	GlobalSection(SolutionProperties) = preSolution
		HideSolutionNode = FALSE
	EndGlobalSection
	GlobalSection(ExtensibilityGlobals) = postSolution
		SolutionGuid = {F7AEEC8F-98DE-4441-83D0-F7F387DBC0A8}
	EndGlobalSection
EndGlobal
